# THIS IS AN AUTOGENERATED FILE. DO NOT EDIT THIS FILE DIRECTLY.
# yarn lockfile v1


merge-md@^1.0.3:
  version "1.0.3"
  resolved "https://registry.yarnpkg.com/merge-md/-/merge-md-1.0.3.tgz#5d4705905aab26541c90bcfe8d0f6a2f50aa69fe"
  integrity sha512-10GapApgmrrIDASHHa9J2qNy+ONDgYFkJDLcXX5eR17mqfpI82osmtZvbBYdR6x4sN+2DetalL3huQ9p7KbtVA==
